
Microsoft Visual Studio Solution File, Format Version 12.00
# Visual Studio Version 17
VisualStudioVersion = 17.1.32210.238
MinimumVisualStudioVersion = 10.0.40219.1
Project("{FAE04EC0-301F-11D3-BF4B-00C04F79EFBC}") = "Lesson_work6", "Lesson_work6\Lesson_work6.csproj", "{86416121-D82E-4AF9-AAAE-9CD1534835BE}"
EndProject
Global
	GlobalSection(SolutionConfigurationPlatforms) = preSolution
		Debug|Any CPU = Debug|Any CPU
		Release|Any CPU = Release|Any CPU
	EndGlobalSection
	GlobalSection(ProjectConfigurationPlatforms) = postSolution
		{86416121-D82E-4AF9-AAAE-9CD1534835BE}.Debug|Any CPU.ActiveCfg = Debug|Any CPU
		{86416121-D82E-4AF9-AAAE-9CD1534835BE}.Debug|Any CPU.Build.0 = Debug|Any CPU
		{86416121-D82E-4AF9-AAAE-9CD1534835BE}.Release|Any CPU.ActiveCfg = Release|Any CPU
		{86416121-D82E-4AF9-AAAE-9CD1534835BE}.Release|Any CPU.Build.0 = Release|Any CPU
	EndGlobalSection
	GlobalSection(SolutionProperties) = preSolution
		HideSolutionNode = FALSE
	EndGlobalSection
	GlobalSection(ExtensibilityGlobals) = postSolution
		SolutionGuid = {1F714083-C98D-4C01-B162-1D2A2E64E6B6}
	EndGlobalSection
EndGlobal
